// !$*UTF8*$!
{
	archiveVersion = 1;
	classes = {
	};
	objectVersion = 56;
	objects = {

/* Begin PBXBuildFile section */
		A0A7AC452C235C6F0061E5EB /* Componets.swift in Sources */ = {isa = PBXBuildFile; fileRef = A0A7AC442C235C6F0061E5EB /* Componets.swift */; };
		A0A7AC4B2C2364C90061E5EB /* CustomButtomHomeView.swift in Sources */ = {isa = PBXBuildFile; fileRef = A0A7AC4A2C2364C90061E5EB /* CustomButtomHomeView.swift */; };
		A0A7AC4E2C23656C0061E5EB /* HeaderView.swift in Sources */ = {isa = PBXBuildFile; fileRef = A0A7AC4D2C23656C0061E5EB /* HeaderView.swift */; };
		A0A7AC502C2369B10061E5EB /* itemHistoryView.swift in Sources */ = {isa = PBXBuildFile; fileRef = A0A7AC4F2C2369B10061E5EB /* itemHistoryView.swift */; };
		A0BEE3C52C18EDAC00ABE697 /* FriendsView.swift in Sources */ = {isa = PBXBuildFile; fileRef = A0BEE3C42C18EDAC00ABE697 /* FriendsView.swift */; };
		A0E156B02C18ECF900C608A7 /* CloneFacebookApp.swift in Sources */ = {isa = PBXBuildFile; fileRef = A0E156AF2C18ECF900C608A7 /* CloneFacebookApp.swift */; };
		A0E156B22C18ECF900C608A7 /* ContentView.swift in Sources */ = {isa = PBXBuildFile; fileRef = A0E156B12C18ECF900C608A7 /* ContentView.swift */; };
		A0E156B42C18ECFC00C608A7 /* Assets.xcassets in Resources */ = {isa = PBXBuildFile; fileRef = A0E156B32C18ECFC00C608A7 /* Assets.xcassets */; };
		A0E156B72C18ECFC00C608A7 /* Preview Assets.xcassets in Resources */ = {isa = PBXBuildFile; fileRef = A0E156B62C18ECFC00C608A7 /* Preview Assets.xcassets */; };
		A0E156BE2C18ED6300C608A7 /* HomeView.swift in Sources */ = {isa = PBXBuildFile; fileRef = A0E156BD2C18ED6300C608A7 /* HomeView.swift */; };
		A0E156C12C18ED8300C608A7 /* VideoView.swift in Sources */ = {isa = PBXBuildFile; fileRef = A0E156C02C18ED8300C608A7 /* VideoView.swift */; };
/* End PBXBuildFile section */

/* Begin PBXFileReference section */
		A0A7AC442C235C6F0061E5EB /* Componets.swift */ = {isa = PBXFileReference; lastKnownFileType = sourcecode.swift; path = Componets.swift; sourceTree = "<group>"; };
		A0A7AC4A2C2364C90061E5EB /* CustomButtomHomeView.swift */ = {isa = PBXFileReference; lastKnownFileType = sourcecode.swift; path = CustomButtomHomeView.swift; sourceTree = "<group>"; };
		A0A7AC4D2C23656C0061E5EB /* HeaderView.swift */ = {isa = PBXFileReference; lastKnownFileType = sourcecode.swift; path = HeaderView.swift; sourceTree = "<group>"; };
		A0A7AC4F2C2369B10061E5EB /* itemHistoryView.swift */ = {isa = PBXFileReference; lastKnownFileType = sourcecode.swift; path = itemHistoryView.swift; sourceTree = "<group>"; };
		A0BEE3C42C18EDAC00ABE697 /* FriendsView.swift */ = {isa = PBXFileReference; lastKnownFileType = sourcecode.swift; path = FriendsView.swift; sourceTree = "<group>"; };
		A0E156AC2C18ECF900C608A7 /* CloneFacebook.app */ = {isa = PBXFileReference; explicitFileType = wrapper.application; includeInIndex = 0; path = CloneFacebook.app; sourceTree = BUILT_PRODUCTS_DIR; };
		A0E156AF2C18ECF900C608A7 /* CloneFacebookApp.swift */ = {isa = PBXFileReference; lastKnownFileType = sourcecode.swift; path = CloneFacebookApp.swift; sourceTree = "<group>"; };
		A0E156B12C18ECF900C608A7 /* ContentView.swift */ = {isa = PBXFileReference; lastKnownFileType = sourcecode.swift; path = ContentView.swift; sourceTree = "<group>"; };
		A0E156B32C18ECFC00C608A7 /* Assets.xcassets */ = {isa = PBXFileReference; lastKnownFileType = folder.assetcatalog; path = Assets.xcassets; sourceTree = "<group>"; };
		A0E156B62C18ECFC00C608A7 /* Preview Assets.xcassets */ = {isa = PBXFileReference; lastKnownFileType = folder.assetcatalog; path = "Preview Assets.xcassets"; sourceTree = "<group>"; };
		A0E156BD2C18ED6300C608A7 /* HomeView.swift */ = {isa = PBXFileReference; lastKnownFileType = sourcecode.swift; path = HomeView.swift; sourceTree = "<group>"; };
		A0E156C02C18ED8300C608A7 /* VideoView.swift */ = {isa = PBXFileReference; lastKnownFileType = sourcecode.swift; path = VideoView.swift; sourceTree = "<group>"; };
/* End PBXFileReference section */

/* Begin PBXFrameworksBuildPhase section */
		A0E156A92C18ECF800C608A7 /* Frameworks */ = {
			isa = PBXFrameworksBuildPhase;
			buildActionMask = 2147483647;
			files = (
			);
			runOnlyForDeploymentPostprocessing = 0;
		};
/* End PBXFrameworksBuildPhase section */

/* Begin PBXGroup section */
		A0A7AC462C235F710061E5EB /* Model */ = {
			isa = PBXGroup;
			children = (
			);
			path = Model;
			sourceTree = "<group>";
		};
		A0A7AC472C235F7C0061E5EB /* View */ = {
			isa = PBXGroup;
			children = (
				A0E156C02C18ED8300C608A7 /* VideoView.swift */,
				A0E156BD2C18ED6300C608A7 /* HomeView.swift */,
				A0BEE3C42C18EDAC00ABE697 /* FriendsView.swift */,
			);
			path = View;
			sourceTree = "<group>";
		};
		A0A7AC482C235F860061E5EB /* ViewModel */ = {
			isa = PBXGroup;
			children = (
			);
			path = ViewModel;
			sourceTree = "<group>";
		};
		A0A7AC492C2364960061E5EB /* Componets */ = {
			isa = PBXGroup;
			children = (
				A0A7AC442C235C6F0061E5EB /* Componets.swift */,
				A0A7AC4A2C2364C90061E5EB /* CustomButtomHomeView.swift */,
				A0A7AC4D2C23656C0061E5EB /* HeaderView.swift */,
				A0A7AC4F2C2369B10061E5EB /* itemHistoryView.swift */,
			);
			path = Componets;
			sourceTree = "<group>";
		};
		A0E156A32C18ECF800C608A7 = {
			isa = PBXGroup;
			children = (
				A0E156AE2C18ECF900C608A7 /* CloneFacebook */,
				A0E156AD2C18ECF900C608A7 /* Products */,
			);
			sourceTree = "<group>";
		};
		A0E156AD2C18ECF900C608A7 /* Products */ = {
			isa = PBXGroup;
			children = (
				A0E156AC2C18ECF900C608A7 /* CloneFacebook.app */,
			);
			name = Products;
			sourceTree = "<group>";
		};
		A0E156AE2C18ECF900C608A7 /* CloneFacebook */ = {
			isa = PBXGroup;
			children = (
				A0E156AF2C18ECF900C608A7 /* CloneFacebookApp.swift */,
				A0A7AC482C235F860061E5EB /* ViewModel */,
				A0A7AC472C235F7C0061E5EB /* View */,
				A0E156B12C18ECF900C608A7 /* ContentView.swift */,
				A0A7AC462C235F710061E5EB /* Model */,
				A0E156B32C18ECFC00C608A7 /* Assets.xcassets */,
				A0E156B52C18ECFC00C608A7 /* Preview Content */,
				A0A7AC492C2364960061E5EB /* Componets */,
			);
			path = CloneFacebook;
			sourceTree = "<group>";
		};
		A0E156B52C18ECFC00C608A7 /* Preview Content */ = {
			isa = PBXGroup;
			children = (
				A0E156B62C18ECFC00C608A7 /* Preview Assets.xcassets */,
			);
			path = "Preview Content";
			sourceTree = "<group>";
		};
/* End PBXGroup section */

/* Begin PBXNativeTarget section */
		A0E156AB2C18ECF800C608A7 /* CloneFacebook */ = {
			isa = PBXNativeTarget;
			buildConfigurationList = A0E156BA2C18ECFC00C608A7 /* Build configuration list for PBXNativeTarget "CloneFacebook" */;
			buildPhases = (
				A0E156A82C18ECF800C608A7 /* Sources */,
				A0E156A92C18ECF800C608A7 /* Frameworks */,
				A0E156AA2C18ECF800C608A7 /* Resources */,
			);
			buildRules = (
			);
			dependencies = (
			);
			name = CloneFacebook;
			productName = CloneFacebook;
			productReference = A0E156AC2C18ECF900C608A7 /* CloneFacebook.app */;
			productType = "com.apple.product-type.application";
		};
/* End PBXNativeTarget section */

/* Begin PBXProject section */
		A0E156A42C18ECF800C608A7 /* Project object */ = {
			isa = PBXProject;
			attributes = {
				BuildIndependentTargetsInParallel = 1;
				LastSwiftUpdateCheck = 1520;
				LastUpgradeCheck = 1520;
				TargetAttributes = {
					A0E156AB2C18ECF800C608A7 = {
						CreatedOnToolsVersion = 15.2;
					};
				};
			};
			buildConfigurationList = A0E156A72C18ECF800C608A7 /* Build configuration list for PBXProject "CloneFacebook" */;
			compatibilityVersion = "Xcode 14.0";
			developmentRegion = en;
			hasScannedForEncodings = 0;
			knownRegions = (
				en,
				Base,
			);
			mainGroup = A0E156A32C18ECF800C608A7;
			productRefGroup = A0E156AD2C18ECF900C608A7 /* Products */;
			projectDirPath = "";
			projectRoot = "";
			targets = (
				A0E156AB2C18ECF800C608A7 /* CloneFacebook */,
			);
		};
/* End PBXProject section */

/* Begin PBXResourcesBuildPhase section */
		A0E156AA2C18ECF800C608A7 /* Resources */ = {
			isa = PBXResourcesBuildPhase;
			buildActionMask = 2147483647;
			files = (
				A0E156B72C18ECFC00C608A7 /* Preview Assets.xcassets in Resources */,
				A0E156B42C18ECFC00C608A7 /* Assets.xcassets in Resources */,
			);
			runOnlyForDeploymentPostprocessing = 0;
		};
/* End PBXResourcesBuildPhase section */

/* Begin PBXSourcesBuildPhase section */
		A0E156A82C18ECF800C608A7 /* Sources */ = {
			isa = PBXSourcesBuildPhase;
			buildActionMask = 2147483647;
			files = (
				A0BEE3C52C18EDAC00ABE697 /* FriendsView.swift in Sources */,
				A0A7AC4B2C2364C90061E5EB /* CustomButtomHomeView.swift in Sources */,
				A0A7AC502C2369B10061E5EB /* itemHistoryView.swift in Sources */,
				A0E156C12C18ED8300C608A7 /* VideoView.swift in Sources */,
				A0E156BE2C18ED6300C608A7 /* HomeView.swift in Sources */,
				A0E156B22C18ECF900C608A7 /* ContentView.swift in Sources */,
				A0E156B02C18ECF900C608A7 /* CloneFacebookApp.swift in Sources */,
				A0A7AC452C235C6F0061E5EB /* Componets.swift in Sources */,
				A0A7AC4E2C23656C0061E5EB /* HeaderView.swift in Sources */,
			);
			runOnlyForDeploymentPostprocessing = 0;
		};
/* End PBXSourcesBuildPhase section */

/* Begin XCBuildConfiguration section */
		A0E156B82C18ECFC00C608A7 /* Debug */ = {
			isa = XCBuildConfiguration;
			buildSettings = {
				ALWAYS_SEARCH_USER_PATHS = NO;
				ASSETCATALOG_COMPILER_GENERATE_SWIFT_ASSET_SYMBOL_EXTENSIONS = YES;
				CLANG_ANALYZER_NONNULL = YES;
				CLANG_ANALYZER_NUMBER_OBJECT_CONVERSION = YES_AGGRESSIVE;
				CLANG_CXX_LANGUAGE_STANDARD = "gnu++20";
				CLANG_ENABLE_MODULES = YES;
				CLANG_ENABLE_OBJC_ARC = YES;
				CLANG_ENABLE_OBJC_WEAK = YES;
				CLANG_WARN_BLOCK_CAPTURE_AUTORELEASING = YES;
				CLANG_WARN_BOOL_CONVERSION = YES;
				CLANG_WARN_COMMA = YES;
				CLANG_WARN_CONSTANT_CONVERSION = YES;
				CLANG_WARN_DEPRECATED_OBJC_IMPLEMENTATIONS = YES;
				CLANG_WARN_DIRECT_OBJC_ISA_USAGE = YES_ERROR;
				CLANG_WARN_DOCUMENTATION_COMMENTS = YES;
				CLANG_WARN_EMPTY_BODY = YES;
				CLANG_WARN_ENUM_CONVERSION = YES;
				CLANG_WARN_INFINITE_RECURSION = YES;
				CLANG_WARN_INT_CONVERSION = YES;
				CLANG_WARN_NON_LITERAL_NULL_CONVERSION = YES;
				CLANG_WARN_OBJC_IMPLICIT_RETAIN_SELF = YES;
				CLANG_WARN_OBJC_LITERAL_CONVERSION = YES;
				CLANG_WARN_OBJC_ROOT_CLASS = YES_ERROR;
				CLANG_WARN_QUOTED_INCLUDE_IN_FRAMEWORK_HEADER = YES;
				CLANG_WARN_RANGE_LOOP_ANALYSIS = YES;
				CLANG_WARN_STRICT_PROTOTYPES = YES;
				CLANG_WARN_SUSPICIOUS_MOVE = YES;
				CLANG_WARN_UNGUARDED_AVAILABILITY = YES_AGGRESSIVE;
				CLANG_WARN_UNREACHABLE_CODE = YES;
				CLANG_WARN__DUPLICATE_METHOD_MATCH = YES;
				COPY_PHASE_STRIP = NO;
				DEBUG_INFORMATION_FORMAT = dwarf;
				ENABLE_STRICT_OBJC_MSGSEND = YES;
				ENABLE_TESTABILITY = YES;
				ENABLE_USER_SCRIPT_SANDBOXING = YES;
				GCC_C_LANGUAGE_STANDARD = gnu17;
				GCC_DYNAMIC_NO_PIC = NO;
				GCC_NO_COMMON_BLOCKS = YES;
				GCC_OPTIMIZATION_LEVEL = 0;
				GCC_PREPROCESSOR_DEFINITIONS = (
					"DEBUG=1",
					"$(inherited)",
				);
				GCC_WARN_64_TO_32_BIT_CONVERSION = YES;
				GCC_WARN_ABOUT_RETURN_TYPE = YES_ERROR;
				GCC_WARN_UNDECLARED_SELECTOR = YES;
				GCC_WARN_UNINITIALIZED_AUTOS = YES_AGGRESSIVE;
				GCC_WARN_UNUSED_FUNCTION = YES;
				GCC_WARN_UNUSED_VARIABLE = YES;
				IPHONEOS_DEPLOYMENT_TARGET = 17.2;
				LOCALIZATION_PREFERS_STRING_CATALOGS = YES;
				MTL_ENABLE_DEBUG_INFO = INCLUDE_SOURCE;
				MTL_FAST_MATH = YES;
				ONLY_ACTIVE_ARCH = YES;
				SDKROOT = iphoneos;
				SWIFT_ACTIVE_COMPILATION_CONDITIONS = "DEBUG $(inherited)";
				SWIFT_OPTIMIZATION_LEVEL = "-Onone";
			};
			name = Debug;
		};
		A0E156B92C18ECFC00C608A7 /* Release */ = {
			isa = XCBuildConfiguration;
			buildSettings = {
				ALWAYS_SEARCH_USER_PATHS = NO;
				ASSETCATALOG_COMPILER_GENERATE_SWIFT_ASSET_SYMBOL_EXTENSIONS = YES;
				CLANG_ANALYZER_NONNULL = YES;
				CLANG_ANALYZER_NUMBER_OBJECT_CONVERSION = YES_AGGRESSIVE;
				CLANG_CXX_LANGUAGE_STANDARD = "gnu++20";
				CLANG_ENABLE_MODULES = YES;
				CLANG_ENABLE_OBJC_ARC = YES;
				CLANG_ENABLE_OBJC_WEAK = YES;
				CLANG_WARN_BLOCK_CAPTURE_AUTORELEASING = YES;
				CLANG_WARN_BOOL_CONVERSION = YES;
				CLANG_WARN_COMMA = YES;
				CLANG_WARN_CONSTANT_CONVERSION = YES;
				CLANG_WARN_DEPRECATED_OBJC_IMPLEMENTATIONS = YES;
				CLANG_WARN_DIRECT_OBJC_ISA_USAGE = YES_ERROR;
				CLANG_WARN_DOCUMENTATION_COMMENTS = YES;
				CLANG_WARN_EMPTY_BODY = YES;
				CLANG_WARN_ENUM_CONVERSION = YES;
				CLANG_WARN_INFINITE_RECURSION = YES;
				CLANG_WARN_INT_CONVERSION = YES;
				CLANG_WARN_NON_LITERAL_NULL_CONVERSION = YES;
				CLANG_WARN_OBJC_IMPLICIT_RETAIN_SELF = YES;
				CLANG_WARN_OBJC_LITERAL_CONVERSION = YES;
				CLANG_WARN_OBJC_ROOT_CLASS = YES_ERROR;
				CLANG_WARN_QUOTED_INCLUDE_IN_FRAMEWORK_HEADER = YES;
				CLANG_WARN_RANGE_LOOP_ANALYSIS = YES;
				CLANG_WARN_STRICT_PROTOTYPES = YES;
				CLANG_WARN_SUSPICIOUS_MOVE = YES;
				CLANG_WARN_UNGUARDED_AVAILABILITY = YES_AGGRESSIVE;
				CLANG_WARN_UNREACHABLE_CODE = YES;
				CLANG_WARN__DUPLICATE_METHOD_MATCH = YES;
				COPY_PHASE_STRIP = NO;
				DEBUG_INFORMATION_FORMAT = "dwarf-with-dsym";
				ENABLE_NS_ASSERTIONS = NO;
				ENABLE_STRICT_OBJC_MSGSEND = YES;
				ENABLE_USER_SCRIPT_SANDBOXING = YES;
				GCC_C_LANGUAGE_STANDARD = gnu17;
				GCC_NO_COMMON_BLOCKS = YES;
				GCC_WARN_64_TO_32_BIT_CONVERSION = YES;
				GCC_WARN_ABOUT_RETURN_TYPE = YES_ERROR;
				GCC_WARN_UNDECLARED_SELECTOR = YES;
				GCC_WARN_UNINITIALIZED_AUTOS = YES_AGGRESSIVE;
				GCC_WARN_UNUSED_FUNCTION = YES;
				GCC_WARN_UNUSED_VARIABLE = YES;
				IPHONEOS_DEPLOYMENT_TARGET = 17.2;
				LOCALIZATION_PREFERS_STRING_CATALOGS = YES;
				MTL_ENABLE_DEBUG_INFO = NO;
				MTL_FAST_MATH = YES;
				SDKROOT = iphoneos;
				SWIFT_COMPILATION_MODE = wholemodule;
				VALIDATE_PRODUCT = YES;
			};
			name = Release;
		};
		A0E156BB2C18ECFC00C608A7 /* Debug */ = {
			isa = XCBuildConfiguration;
			buildSettings = {
				ASSETCATALOG_COMPILER_APPICON_NAME = AppIcon;
				ASSETCATALOG_COMPILER_GLOBAL_ACCENT_COLOR_NAME = AccentColor;
				CODE_SIGN_STYLE = Automatic;
				CURRENT_PROJECT_VERSION = 1;
				DEVELOPMENT_ASSET_PATHS = "\"CloneFacebook/Preview Content\"";
				DEVELOPMENT_TEAM = 9WBU2MND27;
				ENABLE_PREVIEWS = YES;
				GENERATE_INFOPLIST_FILE = YES;
				INFOPLIST_KEY_UIApplicationSceneManifest_Generation = YES;
				INFOPLIST_KEY_UIApplicationSupportsIndirectInputEvents = YES;
				INFOPLIST_KEY_UILaunchScreen_Generation = YES;
				INFOPLIST_KEY_UISupportedInterfaceOrientations_iPad = "UIInterfaceOrientationPortrait UIInterfaceOrientationPortraitUpsideDown UIInterfaceOrientationLandscapeLeft UIInterfaceOrientationLandscapeRight";
				INFOPLIST_KEY_UISupportedInterfaceOrientations_iPhone = "UIInterfaceOrientationPortrait UIInterfaceOrientationLandscapeLeft UIInterfaceOrientationLandscapeRight";
				LD_RUNPATH_SEARCH_PATHS = (
					"$(inherited)",
					"@executable_path/Frameworks",
				);
				MARKETING_VERSION = 1.0;
				PRODUCT_BUNDLE_IDENTIFIER = etrack.CloneFacebook;
				PRODUCT_NAME = "$(TARGET_NAME)";
				SWIFT_EMIT_LOC_STRINGS = YES;
				SWIFT_VERSION = 5.0;
				TARGETED_DEVICE_FAMILY = "1,2";
			};
			name = Debug;
		};
		A0E156BC2C18ECFC00C608A7 /* Release */ = {
			isa = XCBuildConfiguration;
			buildSettings = {
				ASSETCATALOG_COMPILER_APPICON_NAME = AppIcon;
				ASSETCATALOG_COMPILER_GLOBAL_ACCENT_COLOR_NAME = AccentColor;
				CODE_SIGN_STYLE = Automatic;
				CURRENT_PROJECT_VERSION = 1;
				DEVELOPMENT_ASSET_PATHS = "\"CloneFacebook/Preview Content\"";
				DEVELOPMENT_TEAM = 9WBU2MND27;
				ENABLE_PREVIEWS = YES;
				GENERATE_INFOPLIST_FILE = YES;
				INFOPLIST_KEY_UIApplicationSceneManifest_Generation = YES;
				INFOPLIST_KEY_UIApplicationSupportsIndirectInputEvents = YES;
				INFOPLIST_KEY_UILaunchScreen_Generation = YES;
				INFOPLIST_KEY_UISupportedInterfaceOrientations_iPad = "UIInterfaceOrientationPortrait UIInterfaceOrientationPortraitUpsideDown UIInterfaceOrientationLandscapeLeft UIInterfaceOrientationLandscapeRight";
				INFOPLIST_KEY_UISupportedInterfaceOrientations_iPhone = "UIInterfaceOrientationPortrait UIInterfaceOrientationLandscapeLeft UIInterfaceOrientationLandscapeRight";
				LD_RUNPATH_SEARCH_PATHS = (
					"$(inherited)",
					"@executable_path/Frameworks",
				);
				MARKETING_VERSION = 1.0;
				PRODUCT_BUNDLE_IDENTIFIER = etrack.CloneFacebook;
				PRODUCT_NAME = "$(TARGET_NAME)";
				SWIFT_EMIT_LOC_STRINGS = YES;
				SWIFT_VERSION = 5.0;
				TARGETED_DEVICE_FAMILY = "1,2";
			};
			name = Release;
		};
/* End XCBuildConfiguration section */

/* Begin XCConfigurationList section */
		A0E156A72C18ECF800C608A7 /* Build configuration list for PBXProject "CloneFacebook" */ = {
			isa = XCConfigurationList;
			buildConfigurations = (
				A0E156B82C18ECFC00C608A7 /* Debug */,
				A0E156B92C18ECFC00C608A7 /* Release */,
			);
			defaultConfigurationIsVisible = 0;
			defaultConfigurationName = Release;
		};
		A0E156BA2C18ECFC00C608A7 /* Build configuration list for PBXNativeTarget "CloneFacebook" */ = {
			isa = XCConfigurationList;
			buildConfigurations = (
				A0E156BB2C18ECFC00C608A7 /* Debug */,
				A0E156BC2C18ECFC00C608A7 /* Release */,
			);
			defaultConfigurationIsVisible = 0;
			defaultConfigurationName = Release;
		};
/* End XCConfigurationList section */
	};
	rootObject = A0E156A42C18ECF800C608A7 /* Project object */;
}
